---
lockfileVersion: 1
lockfileVendor: redhat
arches:
- arch: x86_64
  packages:
  - url: https://kojipkgs.fedoraproject.org/compose/rawhide/latest-Fedora-Rawhide/compose/Everything/x86_64/os/Packages/g/gpm-libs-1.20.7-51.fc42.x86_64.rpm
    repoid: fedora
    size: 111111
    checksum: sha256:abcabcabcd
    name: gpm-libs
    evr: 1.20.7-51.fc42
    sourcerpm: gpm-1.20.7-51.fc42.src.rpm
  - url: https://kojipkgs.fedoraproject.org/compose/rawhide/latest-Fedora-Rawhide/compose/Everything/x86_64/os/Packages/l/libsodium-1.0.20-5.fc43.x86_64.rpm
    repoid: fedora
    size: 179666
    checksum: sha256:9ab081eed09a4120b44c640a123754b1d4fc5499d0047e495493cb32621128a8
    name: libsodium
    evr: 1.0.20-5.fc43
    sourcerpm: libsodium-1.0.20-5.fc43.src.rpm
  - url: https://kojipkgs.fedoraproject.org/compose/rawhide/latest-Fedora-Rawhide/compose/Everything/x86_64/os/Packages/v/vim-common-9.1.1418-1.fc43.x86_64.rpm
    repoid: fedora
    size: 8645110
    checksum: sha256:328d6b54588c67b9010cbdd88bbcdcea807790cf85bf05d86879f776ca4550c6
    name: vim-common
    evr: 2:9.1.1418-1.fc43
    sourcerpm: vim-9.1.1418-1.fc43.src.rpm
  - url: https://kojipkgs.fedoraproject.org/compose/rawhide/latest-Fedora-Rawhide/compose/Everything/x86_64/os/Packages/v/vim-enhanced-9.1.1418-1.fc43.x86_64.rpm
    repoid: fedora
    size: 2045840
    checksum: sha256:69cece63db847b9544df76bb06eb481e7c3159f2ca7e2e72446bc154b797e45d
    name: vim-enhanced
    evr: 2:9.1.1418-1.fc43
    sourcerpm: vim-9.1.1418-1.fc43.src.rpm
  - url: https://kojipkgs.fedoraproject.org/compose/rawhide/latest-Fedora-Rawhide/compose/Everything/x86_64/os/Packages/v/vim-filesystem-9.1.1418-1.fc43.noarch.rpm
    repoid: fedora
    size: 15754
    checksum: sha256:3662ec0962cb839fe701aee904544cfd8f8fb15d2341d174d99d29f612b0466a
    name: vim-filesystem
    evr: 2:9.1.1418-1.fc43
    sourcerpm: vim-9.1.1418-1.fc43.src.rpm
  - url: https://kojipkgs.fedoraproject.org/compose/rawhide/latest-Fedora-Rawhide/compose/Everything/x86_64/os/Packages/w/which-2.23-1.fc42.x86_64.rpm
    repoid: fedora
    size: 42699
    checksum: sha256:86799d01d839931d149a6edf3ecab3954082c46771179830613ab403b3dc6c8d
    name: which
    evr: 2.23-1.fc42
    sourcerpm: which-2.23-1.fc42.src.rpm
  - url: https://kojipkgs.fedoraproject.org/compose/rawhide/latest-Fedora-Rawhide/compose/Everything/x86_64/os/Packages/x/xxd-9.1.1418-1.fc43.x86_64.rpm
    repoid: fedora
    size: 32027
    checksum: sha256:82794814d895f926ad6aee83a6c236a66e32ceabd045d6c44ae30483f0a484f6
    name: xxd
    evr: 2:9.1.1418-1.fc43
    sourcerpm: vim-9.1.1418-1.fc43.src.rpm
  source:
  - url: https://kojipkgs.fedoraproject.org/compose/rawhide/latest-Fedora-Rawhide/compose/Everything/source/tree/Packages/g/gpm-1.20.7-51.fc42.src.rpm
    repoid: fedora-sources
    size: 254815
    checksum: sha256:1cd79254855d0cf668296bd2e3f89751b07aa2f4f8be5d35d5e9caeba94f2798
    name: gpm
    evr: 1.20.7-51.fc42
  - url: https://kojipkgs.fedoraproject.org/compose/rawhide/latest-Fedora-Rawhide/compose/Everything/source/tree/Packages/l/libsodium-1.0.20-5.fc43.src.rpm
    repoid: fedora-sources
    size: 1960449
    checksum: sha256:dbc45b3354a209fb77be9c5e870f9962aecd69a496c2dac3e1e678eb87d99207
    name: libsodium
    evr: 1.0.20-5.fc43
  - url: https://kojipkgs.fedoraproject.org/compose/rawhide/latest-Fedora-Rawhide/compose/Everything/source/tree/Packages/v/vim-9.1.1418-1.fc43.src.rpm
    repoid: fedora-sources
    size: 15799629
    checksum: sha256:d6d59e9d0ae2a5a9b6eef7a525b7046b5867550e95b096fd14199d0058be3466
    name: vim
    evr: 2:9.1.1418-1.fc43
  - url: https://kojipkgs.fedoraproject.org/compose/rawhide/latest-Fedora-Rawhide/compose/Everything/source/tree/Packages/w/which-2.23-1.fc42.src.rpm
    repoid: fedora-sources
    size: 233559
    checksum: sha256:b923eaf54002acfa6a908235773ba11f1fa2ff5370db8c3509038571146c658e
    name: which
    evr: 2.23-1.fc42
  module_metadata: []