---
lockfileVersion: 1
lockfileVendor: redhat
arches:
- arch: x86_64
  packages:
  - url: https://kojipkgs.fedoraproject.org/compose/rawhide/latest-Fedora-Rawhide/compose/Everything/x86_64/os/Packages/g/gpm-libs-1.20.7-52.fc43.x86_64.rpm
    repoid: fedora
    size: 20510
    checksum: sha256:9777499a723ec591adc71eb612dbbea51e97eab726fa2e7c6a8d8baf886f5255
    name: gpm-libs
    evr: 1.20.7-52.fc43
    sourcerpm: gpm-1.20.7-52.fc43.src.rpm
  - url: https://kojipkgs.fedoraproject.org/compose/rawhide/latest-Fedora-Rawhide/compose/Everything/x86_64/os/Packages/l/libsodium-1.0.20-6.fc43.x86_64.rpm
    repoid: fedora
    size: 179911
    checksum: sha256:6e7e49221c92b85db321397743a479f68821f6f6954021ccc6b24ee0a654f2b6
    name: libsodium
    evr: 1.0.16-6.fc43
    sourcerpm: libsodium-1.0.20-6.fc43.src.rpm
  - url: https://kojipkgs.fedoraproject.org/compose/rawhide/latest-Fedora-Rawhide/compose/Everything/x86_64/os/Packages/v/vim-common-9.1.1623-1.fc43.x86_64.rpm
    repoid: fedora
    size: 8503413
    checksum: sha256:ebd0689087f03866f41467d73fea894f07817abbf054a0dc6ddabf04742fde49
    name: vim-common
    evr: 2:9.1.1623-1.fc43
    sourcerpm: vim-9.1.1623-1.fc43.src.rpm
  - url: https://kojipkgs.fedoraproject.org/compose/rawhide/latest-Fedora-Rawhide/compose/Everything/x86_64/os/Packages/v/vim-enhanced-9.1.1623-1.fc43.x86_64.rpm
    repoid: fedora
    size: 2066426
    checksum: sha256:bd7c42c448ef519718d5cf61af4118f33f4cd9ad1980d3729b49ef3b668f5947
    name: vim-enhanced
    evr: 2:9.1.1623-1.fc43
    sourcerpm: vim-9.1.1623-1.fc43.src.rpm
  - url: https://kojipkgs.fedoraproject.org/compose/rawhide/latest-Fedora-Rawhide/compose/Everything/x86_64/os/Packages/v/vim-filesystem-9.1.1623-1.fc43.noarch.rpm
    repoid: fedora
    size: 15648
    checksum: sha256:f3e83306194d3b44e3e1f81b6a30afc969b0aabca7e0760327c78f6c7a03f9c8
    name: vim-filesystem
    evr: 2:9.1.1623-1.fc43
    sourcerpm: vim-9.1.1623-1.fc43.src.rpm
  - url: https://kojipkgs.fedoraproject.org/compose/rawhide/latest-Fedora-Rawhide/compose/Everything/x86_64/os/Packages/w/which-2.23-3.fc43.x86_64.rpm
    repoid: fedora
    size: 42734
    checksum: sha256:0be6453e3587a077ded8436b126e7805c0ef0dfa1e66ebf8d2e7a2123b7a0cda
    name: which
    evr: 2.23-3.fc43
    sourcerpm: which-2.23-3.fc43.src.rpm
  - url: https://kojipkgs.fedoraproject.org/compose/rawhide/latest-Fedora-Rawhide/compose/Everything/x86_64/os/Packages/x/xxd-9.1.1623-1.fc43.x86_64.rpm
    repoid: fedora
    size: 32014
    checksum: sha256:830b1ff49a89542121ac7386870a6f7f8890b9eef1a2adf7d09b5ee1d301cff5
    name: xxd
    evr: 2:9.1.1623-1.fc43
    sourcerpm: vim-9.1.1623-1.fc43.src.rpm
  source:
  - url: https://kojipkgs.fedoraproject.org/compose/rawhide/latest-Fedora-Rawhide/compose/Everything/source/tree/Packages/g/gpm-1.20.7-52.fc43.src.rpm
    repoid: fedora-sources
    size: 254915
    checksum: sha256:63f8c1e210cd79108d7330f65320acaab800cc3b9f2a91f191b89222d093c89a
    name: gpm
    evr: 1.20.7-52.fc43
  - url: https://kojipkgs.fedoraproject.org/compose/rawhide/latest-Fedora-Rawhide/compose/Everything/source/tree/Packages/l/libsodium-1.0.20-6.fc43.src.rpm
    repoid: fedora-sources
    size: 1960690
    checksum: sha256:8fc385739ab8b5105bf9d9f7250c701f39fa074b5e17f36b1ca5ab328a097256
    name: libsodium
    evr: 1.0.16-6.fc43
  - url: https://kojipkgs.fedoraproject.org/compose/rawhide/latest-Fedora-Rawhide/compose/Everything/source/tree/Packages/v/vim-9.1.1623-1.fc43.src.rpm
    repoid: fedora-sources
    size: 15653667
    checksum: sha256:3253201d048306988ea359e4ccf664964c92abd893d07203704860c3987d6206
    name: vim
    evr: 2:9.1.1623-1.fc43
  - url: https://kojipkgs.fedoraproject.org/compose/rawhide/latest-Fedora-Rawhide/compose/Everything/source/tree/Packages/w/which-2.23-3.fc43.src.rpm
    repoid: fedora-sources
    size: 234016
    checksum: sha256:2db1abe90192139d25d0a5f325c348b696ef462dcfe29a505e8f3139f826c71b
    name: which
    evr: 2.23-3.fc43
  module_metadata: []
