---
lockfileVersion: 1
lockfileVendor: redhat
arches:
- arch: x86_64
  packages:
  - url: https://kojipkgs.fedoraproject.org/compose/rawhide/latest-Fedora-Rawhide/compose/Everything/x86_64/os/Packages/g/gpm-libs-1.20.7-52.fc43.x86_64.rpm
    repoid: fedora
    size: 20510
    checksum: sha256:9777499a723ec591adc71eb612dbbea51e97eab726fa2e7c6a8d8baf886f5255
    name: gpm-libs
    evr: 1.20.7-52.fc43
    sourcerpm: gpm-1.20.7-52.fc43.src.rpm
  - url: https://kojipkgs.fedoraproject.org/compose/rawhide/latest-Fedora-Rawhide/compose/Everything/x86_64/os/Packages/l/libsodium-1.0.20-6.fc43.x86_64.rpm
    repoid: fedora
    size: 179911
    checksum: sha256:6e7e49221c92b85db321397743a479f68821f6f6954021ccc6b24ee0a654f2b6
    name: libsodium
    evr: 1.0.20-6.fc43
    sourcerpm: libsodium-1.0.20-6.fc43.src.rpm
  - url: https://kojipkgs.fedoraproject.org/compose/rawhide/latest-Fedora-Rawhide/compose/Everything/x86_64/os/Packages/v/vim-common-9.1.1818-1.fc44.x86_64.rpm
    repoid: fedora
    size: 8550202
    checksum: sha256:b1ebee024828c45e02302ee4c2dc7173e2688d450c68edc8a227b6dd0da27410
    name: vim-common
    evr: 2:9.1.1818-1.fc44
    sourcerpm: vim-9.1.1818-1.fc44.src.rpm
  - url: https://kojipkgs.fedoraproject.org/compose/rawhide/latest-Fedora-Rawhide/compose/Everything/x86_64/os/Packages/v/vim-enhanced-9.1.1818-1.fc44.x86_64.rpm
    repoid: fedora
    size: 2082567
    checksum: sha256:6f9e7965ff52f466baa13af4eb0e395a9d13c8372abff31dc6ffc2525b2f34b4
    name: vim-enhanced
    evr: 2:9.1.1818-1.fc44
    sourcerpm: vim-9.1.1818-1.fc44.src.rpm
  - url: https://kojipkgs.fedoraproject.org/compose/rawhide/latest-Fedora-Rawhide/compose/Everything/x86_64/os/Packages/v/vim-filesystem-9.1.1818-1.fc44.noarch.rpm
    repoid: fedora
    size: 15834
    checksum: sha256:2df169e22b0dff8a75fb7886336d89727a178d0bdac7f1ff6b6ce04972466210
    name: vim-filesystem
    evr: 2:9.1.1818-1.fc44
    sourcerpm: vim-9.1.1818-1.fc44.src.rpm
  - url: https://kojipkgs.fedoraproject.org/compose/rawhide/latest-Fedora-Rawhide/compose/Everything/x86_64/os/Packages/w/which-2.23-3.fc43.x86_64.rpm
    repoid: fedora
    size: 42734
    checksum: sha256:0be6453e3587a077ded8436b126e7805c0ef0dfa1e66ebf8d2e7a2123b7a0cda
    name: which
    evr: 2.23-3.fc43
    sourcerpm: which-2.23-3.fc43.src.rpm
  - url: https://kojipkgs.fedoraproject.org/compose/rawhide/latest-Fedora-Rawhide/compose/Everything/x86_64/os/Packages/x/xxd-9.1.1818-1.fc44.x86_64.rpm
    repoid: fedora
    size: 32163
    checksum: sha256:0bda8036a92e55e838fa73e6dd7c65417d7ce7bd0c64364ec827f7d945acd07f
    name: xxd
    evr: 2:9.1.1818-1.fc44
    sourcerpm: vim-9.1.1818-1.fc44.src.rpm
  source:
  - url: https://kojipkgs.fedoraproject.org/compose/rawhide/latest-Fedora-Rawhide/compose/Everything/source/tree/Packages/g/gpm-1.20.7-52.fc43.src.rpm
    repoid: fedora-sources
    size: 254915
    checksum: sha256:63f8c1e210cd79108d7330f65320acaab800cc3b9f2a91f191b89222d093c89a
    name: gpm
    evr: 1.20.7-52.fc43
  - url: https://kojipkgs.fedoraproject.org/compose/rawhide/latest-Fedora-Rawhide/compose/Everything/source/tree/Packages/l/libsodium-1.0.20-6.fc43.src.rpm
    repoid: fedora-sources
    size: 1960690
    checksum: sha256:8fc385739ab8b5105bf9d9f7250c701f39fa074b5e17f36b1ca5ab328a097256
    name: libsodium
    evr: 1.0.20-6.fc43
  - url: https://kojipkgs.fedoraproject.org/compose/rawhide/latest-Fedora-Rawhide/compose/Everything/source/tree/Packages/v/vim-9.1.1818-1.fc44.src.rpm
    repoid: fedora-sources
    size: 16117236
    checksum: sha256:238c61df8e9120607f1e61b797fbf8112ba3e68dc7f037c685b8b98a6390edc2
    name: vim
    evr: 2:9.1.1818-1.fc44
  - url: https://kojipkgs.fedoraproject.org/compose/rawhide/latest-Fedora-Rawhide/compose/Everything/source/tree/Packages/w/which-2.23-3.fc43.src.rpm
    repoid: fedora-sources
    size: 234016
    checksum: sha256:2db1abe90192139d25d0a5f325c348b696ef462dcfe29a505e8f3139f826c71b
    name: which
    evr: 2.23-3.fc43
  module_metadata: []
