---
lockfileVersion: 1
lockfileVendor: redhat
arches:
- arch: x86_64
  packages:
  - url: https://kojipkgs.fedoraproject.org/compose/rawhide/latest-Fedora-Rawhide/compose/Everything/x86_64/os/Packages/g/gpm-libs-1.20.7-52.fc43.x86_64.rpm
    repoid: fedora
    size: 20510
    checksum: sha256:9777499a723ec591adc71eb612dbbea51e97eab726fa2e7c6a8d8baf886f5255
    name: gpm-libs
    evr: 1.20.7-52.fc43
    sourcerpm: gpm-1.20.7-52.fc43.src.rpm
  - url: https://kojipkgs.fedoraproject.org/compose/rawhide/latest-Fedora-Rawhide/compose/Everything/x86_64/os/Packages/l/libsodium-1.0.20-6.fc43.x86_64.rpm
    repoid: fedora
    size: 179911
    checksum: sha256:6e7e49221c92b85db321397743a479f68821f6f6954021ccc6b24ee0a654f2b6
    name: libsodium
    evr: 1.0.20-6.fc43
    sourcerpm: libsodium-1.0.20-6.fc43.src.rpm
  - url: https://kojipkgs.fedoraproject.org/compose/rawhide/latest-Fedora-Rawhide/compose/Everything/x86_64/os/Packages/v/vim-common-9.1.1775-1.fc44.x86_64.rpm
    repoid: fedora
    size: 8519660
    checksum: sha256:8c6149c1828c670e9e426c7591b65fd365af38de2f94c0fb72aef432c37502dd
    name: vim-common
    evr: 2:9.1.1775-1.fc44
    sourcerpm: vim-9.1.1775-1.fc44.src.rpm
  - url: https://kojipkgs.fedoraproject.org/compose/rawhide/latest-Fedora-Rawhide/compose/Everything/x86_64/os/Packages/v/vim-enhanced-9.1.1775-1.fc44.x86_64.rpm
    repoid: fedora
    size: 2081127
    checksum: sha256:cacb7b3f4b95f95332a13911bf5531718f7f5204911542b45f85d2c9c7d7cbdd
    name: vim-enhanced
    evr: 2:9.1.1775-1.fc44
    sourcerpm: vim-9.1.1775-1.fc44.src.rpm
  - url: https://kojipkgs.fedoraproject.org/compose/rawhide/latest-Fedora-Rawhide/compose/Everything/x86_64/os/Packages/v/vim-filesystem-9.1.1775-1.fc44.noarch.rpm
    repoid: fedora
    size: 15802
    checksum: sha256:af4ccd905e41c28a0a248e56264d35aa4de2d72d8f2ea9941a1bf17dae5eb06e
    name: vim-filesystem
    evr: 2:9.1.1775-1.fc44
    sourcerpm: vim-9.1.1775-1.fc44.src.rpm
  - url: https://kojipkgs.fedoraproject.org/compose/rawhide/latest-Fedora-Rawhide/compose/Everything/x86_64/os/Packages/w/which-2.23-3.fc43.x86_64.rpm
    repoid: fedora
    size: 42734
    checksum: sha256:0be6453e3587a077ded8436b126e7805c0ef0dfa1e66ebf8d2e7a2123b7a0cda
    name: which
    evr: 2.23-3.fc43
    sourcerpm: which-2.23-3.fc43.src.rpm
  - url: https://kojipkgs.fedoraproject.org/compose/rawhide/latest-Fedora-Rawhide/compose/Everything/x86_64/os/Packages/x/xxd-9.1.1775-1.fc44.x86_64.rpm
    repoid: fedora
    size: 32125
    checksum: sha256:b24d8b8625fd27847ae8bded162d0ba49a84456034edc3b672ed6ebea778dd40
    name: xxd
    evr: 2:9.1.1775-1.fc44
    sourcerpm: vim-9.1.1775-1.fc44.src.rpm
  source:
  - url: https://kojipkgs.fedoraproject.org/compose/rawhide/latest-Fedora-Rawhide/compose/Everything/source/tree/Packages/g/gpm-1.20.7-52.fc43.src.rpm
    repoid: fedora-sources
    size: 254915
    checksum: sha256:63f8c1e210cd79108d7330f65320acaab800cc3b9f2a91f191b89222d093c89a
    name: gpm
    evr: 1.20.7-52.fc43
  - url: https://kojipkgs.fedoraproject.org/compose/rawhide/latest-Fedora-Rawhide/compose/Everything/source/tree/Packages/l/libsodium-1.0.20-6.fc43.src.rpm
    repoid: fedora-sources
    size: 1960690
    checksum: sha256:8fc385739ab8b5105bf9d9f7250c701f39fa074b5e17f36b1ca5ab328a097256
    name: libsodium
    evr: 1.0.20-6.fc43
  - url: https://kojipkgs.fedoraproject.org/compose/rawhide/latest-Fedora-Rawhide/compose/Everything/source/tree/Packages/v/vim-9.1.1775-1.fc44.src.rpm
    repoid: fedora-sources
    size: 15692229
    checksum: sha256:c6cf0d03841508d989107b452007fbce79f70777ba3a5441497b625d2a299484
    name: vim
    evr: 2:9.1.1775-1.fc44
  - url: https://kojipkgs.fedoraproject.org/compose/rawhide/latest-Fedora-Rawhide/compose/Everything/source/tree/Packages/w/which-2.23-3.fc43.src.rpm
    repoid: fedora-sources
    size: 234016
    checksum: sha256:2db1abe90192139d25d0a5f325c348b696ef462dcfe29a505e8f3139f826c71b
    name: which
    evr: 2.23-3.fc43
  module_metadata: []
